
Microsoft Visual Studio Solution File, Format Version 12.00
# Visual Studio Version 16
VisualStudioVersion = 16.0.31702.278
MinimumVisualStudioVersion = 10.0.40219.1
Project("{FAE04EC0-301F-11D3-BF4B-00C04F79EFBC}") = "DebuggerReview", "DebuggerReview\DebuggerReview.csproj", "{EA3555F6-4FFF-45A1-8943-DF2372399067}"
EndProject
Global
	GlobalSection(SolutionConfigurationPlatforms) = preSolution
		Debug|Any CPU = Debug|Any CPU
		Release|Any CPU = Release|Any CPU
	EndGlobalSection
	GlobalSection(ProjectConfigurationPlatforms) = postSolution
		{EA3555F6-4FFF-45A1-8943-DF2372399067}.Debug|Any CPU.ActiveCfg = Debug|Any CPU
		{EA3555F6-4FFF-45A1-8943-DF2372399067}.Debug|Any CPU.Build.0 = Debug|Any CPU
		{EA3555F6-4FFF-45A1-8943-DF2372399067}.Release|Any CPU.ActiveCfg = Release|Any CPU
		{EA3555F6-4FFF-45A1-8943-DF2372399067}.Release|Any CPU.Build.0 = Release|Any CPU
	EndGlobalSection
	GlobalSection(SolutionProperties) = preSolution
		HideSolutionNode = FALSE
	EndGlobalSection
	GlobalSection(ExtensibilityGlobals) = postSolution
		SolutionGuid = {4EFBAB53-713F-43D1-B8FD-1174BD14E7FB}
	EndGlobalSection
EndGlobal
