
Microsoft Visual Studio Solution File, Format Version 12.00
# Visual Studio Version 16
VisualStudioVersion = 16.0.31702.278
MinimumVisualStudioVersion = 10.0.40219.1
Project("{9A19103F-16F7-4668-BE54-9A1E7A4F7556}") = "Instruments", "Instruments\Instruments.csproj", "{0E2DCD8F-F2AD-46DD-A3DC-2FC3DD0B1F91}"
EndProject
Project("{9A19103F-16F7-4668-BE54-9A1E7A4F7556}") = "RoutingDemo", "RoutingDemo\RoutingDemo.csproj", "{08FF4F73-E18B-4798-96C2-E28E10E210BC}"
EndProject
Project("{FAE04EC0-301F-11D3-BF4B-00C04F79EFBC}") = "CardsFullStack", "CardsFullStack\CardsFullStack.csproj", "{3A922403-6B01-466E-ADE3-3C83C5A2B32E}"
EndProject
Global
	GlobalSection(SolutionConfigurationPlatforms) = preSolution
		Debug|Any CPU = Debug|Any CPU
		Release|Any CPU = Release|Any CPU
	EndGlobalSection
	GlobalSection(ProjectConfigurationPlatforms) = postSolution
		{0E2DCD8F-F2AD-46DD-A3DC-2FC3DD0B1F91}.Debug|Any CPU.ActiveCfg = Debug|Any CPU
		{0E2DCD8F-F2AD-46DD-A3DC-2FC3DD0B1F91}.Debug|Any CPU.Build.0 = Debug|Any CPU
		{0E2DCD8F-F2AD-46DD-A3DC-2FC3DD0B1F91}.Release|Any CPU.ActiveCfg = Release|Any CPU
		{0E2DCD8F-F2AD-46DD-A3DC-2FC3DD0B1F91}.Release|Any CPU.Build.0 = Release|Any CPU
		{08FF4F73-E18B-4798-96C2-E28E10E210BC}.Debug|Any CPU.ActiveCfg = Debug|Any CPU
		{08FF4F73-E18B-4798-96C2-E28E10E210BC}.Debug|Any CPU.Build.0 = Debug|Any CPU
		{08FF4F73-E18B-4798-96C2-E28E10E210BC}.Release|Any CPU.ActiveCfg = Release|Any CPU
		{08FF4F73-E18B-4798-96C2-E28E10E210BC}.Release|Any CPU.Build.0 = Release|Any CPU
		{3A922403-6B01-466E-ADE3-3C83C5A2B32E}.Debug|Any CPU.ActiveCfg = Debug|Any CPU
		{3A922403-6B01-466E-ADE3-3C83C5A2B32E}.Debug|Any CPU.Build.0 = Debug|Any CPU
		{3A922403-6B01-466E-ADE3-3C83C5A2B32E}.Release|Any CPU.ActiveCfg = Release|Any CPU
		{3A922403-6B01-466E-ADE3-3C83C5A2B32E}.Release|Any CPU.Build.0 = Release|Any CPU
	EndGlobalSection
	GlobalSection(SolutionProperties) = preSolution
		HideSolutionNode = FALSE
	EndGlobalSection
	GlobalSection(ExtensibilityGlobals) = postSolution
		SolutionGuid = {E4E1FC99-97AC-4D3F-8103-290E07D2D640}
	EndGlobalSection
EndGlobal
