
Microsoft Visual Studio Solution File, Format Version 12.00
# Visual Studio Version 16
VisualStudioVersion = 16.0.809.10
MinimumVisualStudioVersion = 10.0.40219.1
Project("{FAE04EC0-301F-11D3-BF4B-00C04F79EFBC}") = "ReadingList_App", "ReadingList_App\ReadingList_App.csproj", "{B03A7B7E-8789-4A73-83B9-15CF4AD2AC0D}"
EndProject
Global
	GlobalSection(SolutionConfigurationPlatforms) = preSolution
		Debug|Any CPU = Debug|Any CPU
		Release|Any CPU = Release|Any CPU
	EndGlobalSection
	GlobalSection(ProjectConfigurationPlatforms) = postSolution
		{B03A7B7E-8789-4A73-83B9-15CF4AD2AC0D}.Debug|Any CPU.ActiveCfg = Debug|Any CPU
		{B03A7B7E-8789-4A73-83B9-15CF4AD2AC0D}.Debug|Any CPU.Build.0 = Debug|Any CPU
		{B03A7B7E-8789-4A73-83B9-15CF4AD2AC0D}.Release|Any CPU.ActiveCfg = Release|Any CPU
		{B03A7B7E-8789-4A73-83B9-15CF4AD2AC0D}.Release|Any CPU.Build.0 = Release|Any CPU
	EndGlobalSection
	GlobalSection(SolutionProperties) = preSolution
		HideSolutionNode = FALSE
	EndGlobalSection
	GlobalSection(ExtensibilityGlobals) = postSolution
		SolutionGuid = {E78F8046-3F06-4E69-BDAC-5AC98C7F4338}
	EndGlobalSection
EndGlobal
